// !$*UTF8*$!
{
	archiveVersion = 1;
	classes = {
	};
	objectVersion = 50;
	objects = {

/* Begin PBXBuildFile section */
		DC53606A249681EB0031EEA7 /* AppDelegate.swift in Sources */ = {isa = PBXBuildFile; fileRef = DC536069249681EB0031EEA7 /* AppDelegate.swift */; };
		DC53606C249681EB0031EEA7 /* SceneDelegate.swift in Sources */ = {isa = PBXBuildFile; fileRef = DC53606B249681EB0031EEA7 /* SceneDelegate.swift */; };
		DC53606E249681EB0031EEA7 /* CountryDetailsViewController.swift in Sources */ = {isa = PBXBuildFile; fileRef = DC53606D249681EB0031EEA7 /* CountryDetailsViewController.swift */; };
		DC536073249681F40031EEA7 /* Assets.xcassets in Resources */ = {isa = PBXBuildFile; fileRef = DC536072249681F40031EEA7 /* Assets.xcassets */; };
		DC536076249681F40031EEA7 /* LaunchScreen.storyboard in Resources */ = {isa = PBXBuildFile; fileRef = DC536074249681F40031EEA7 /* LaunchScreen.storyboard */; };
		DC536081249681F50031EEA7 /* CountryDetailsAppTests.swift in Sources */ = {isa = PBXBuildFile; fileRef = DC536080249681F50031EEA7 /* CountryDetailsAppTests.swift */; };
		DC53609524968A3A0031EEA7 /* Reachability.m in Sources */ = {isa = PBXBuildFile; fileRef = DC53609324968A3A0031EEA7 /* Reachability.m */; };
		DC53609F249695290031EEA7 /* CountryDetailTableViewCell.swift in Sources */ = {isa = PBXBuildFile; fileRef = DC53609E249695290031EEA7 /* CountryDetailTableViewCell.swift */; };
		DC5360A124969C860031EEA7 /* Country.swift in Sources */ = {isa = PBXBuildFile; fileRef = DC5360A024969C860031EEA7 /* Country.swift */; };
		DC5360A524969CBA0031EEA7 /* CountryDetails.swift in Sources */ = {isa = PBXBuildFile; fileRef = DC5360A424969CBA0031EEA7 /* CountryDetails.swift */; };
/* End PBXBuildFile section */

/* Begin PBXContainerItemProxy section */
		DC53607D249681F50031EEA7 /* PBXContainerItemProxy */ = {
			isa = PBXContainerItemProxy;
			containerPortal = DC53605E249681EB0031EEA7 /* Project object */;
			proxyType = 1;
			remoteGlobalIDString = DC536065249681EB0031EEA7;
			remoteInfo = CountryDetailsApp;
		};
/* End PBXContainerItemProxy section */

/* Begin PBXFileReference section */
		DC536066249681EB0031EEA7 /* CountryDetailsApp.app */ = {isa = PBXFileReference; explicitFileType = wrapper.application; includeInIndex = 0; path = CountryDetailsApp.app; sourceTree = BUILT_PRODUCTS_DIR; };
		DC536069249681EB0031EEA7 /* AppDelegate.swift */ = {isa = PBXFileReference; lastKnownFileType = sourcecode.swift; path = AppDelegate.swift; sourceTree = "<group>"; };
		DC53606B249681EB0031EEA7 /* SceneDelegate.swift */ = {isa = PBXFileReference; lastKnownFileType = sourcecode.swift; path = SceneDelegate.swift; sourceTree = "<group>"; };
		DC53606D249681EB0031EEA7 /* CountryDetailsViewController.swift */ = {isa = PBXFileReference; lastKnownFileType = sourcecode.swift; path = CountryDetailsViewController.swift; sourceTree = "<group>"; };
		DC536072249681F40031EEA7 /* Assets.xcassets */ = {isa = PBXFileReference; lastKnownFileType = folder.assetcatalog; path = Assets.xcassets; sourceTree = "<group>"; };
		DC536075249681F40031EEA7 /* Base */ = {isa = PBXFileReference; lastKnownFileType = file.storyboard; name = Base; path = Base.lproj/LaunchScreen.storyboard; sourceTree = "<group>"; };
		DC536077249681F40031EEA7 /* Info.plist */ = {isa = PBXFileReference; lastKnownFileType = text.plist.xml; path = Info.plist; sourceTree = "<group>"; };
		DC53607C249681F50031EEA7 /* CountryDetailsAppTests.xctest */ = {isa = PBXFileReference; explicitFileType = wrapper.cfbundle; includeInIndex = 0; path = CountryDetailsAppTests.xctest; sourceTree = BUILT_PRODUCTS_DIR; };
		DC536080249681F50031EEA7 /* CountryDetailsAppTests.swift */ = {isa = PBXFileReference; lastKnownFileType = sourcecode.swift; path = CountryDetailsAppTests.swift; sourceTree = "<group>"; };
		DC536082249681F50031EEA7 /* Info.plist */ = {isa = PBXFileReference; lastKnownFileType = text.plist.xml; path = Info.plist; sourceTree = "<group>"; };
		DC53609224968A380031EEA7 /* CountryDetailsApp-Bridging-Header.h */ = {isa = PBXFileReference; lastKnownFileType = sourcecode.c.h; path = "CountryDetailsApp-Bridging-Header.h"; sourceTree = "<group>"; };
		DC53609324968A3A0031EEA7 /* Reachability.m */ = {isa = PBXFileReference; fileEncoding = 4; lastKnownFileType = sourcecode.c.objc; path = Reachability.m; sourceTree = "<group>"; };
		DC53609424968A3A0031EEA7 /* Reachability.h */ = {isa = PBXFileReference; fileEncoding = 4; lastKnownFileType = sourcecode.c.h; path = Reachability.h; sourceTree = "<group>"; };
		DC53609E249695290031EEA7 /* CountryDetailTableViewCell.swift */ = {isa = PBXFileReference; lastKnownFileType = sourcecode.swift; path = CountryDetailTableViewCell.swift; sourceTree = "<group>"; };
		DC5360A024969C860031EEA7 /* Country.swift */ = {isa = PBXFileReference; lastKnownFileType = sourcecode.swift; path = Country.swift; sourceTree = "<group>"; };
		DC5360A424969CBA0031EEA7 /* CountryDetails.swift */ = {isa = PBXFileReference; lastKnownFileType = sourcecode.swift; path = CountryDetails.swift; sourceTree = "<group>"; };
/* End PBXFileReference section */

/* Begin PBXFrameworksBuildPhase section */
		DC536063249681EB0031EEA7 /* Frameworks */ = {
			isa = PBXFrameworksBuildPhase;
			buildActionMask = 2147483647;
			files = (
			);
			runOnlyForDeploymentPostprocessing = 0;
		};
		DC536079249681F50031EEA7 /* Frameworks */ = {
			isa = PBXFrameworksBuildPhase;
			buildActionMask = 2147483647;
			files = (
			);
			runOnlyForDeploymentPostprocessing = 0;
		};
/* End PBXFrameworksBuildPhase section */

/* Begin PBXGroup section */
		DC53605D249681EB0031EEA7 = {
			isa = PBXGroup;
			children = (
				DC536068249681EB0031EEA7 /* CountryDetailsApp */,
				DC53607F249681F50031EEA7 /* CountryDetailsAppTests */,
				DC536067249681EB0031EEA7 /* Products */,
			);
			sourceTree = "<group>";
		};
		DC536067249681EB0031EEA7 /* Products */ = {
			isa = PBXGroup;
			children = (
				DC536066249681EB0031EEA7 /* CountryDetailsApp.app */,
				DC53607C249681F50031EEA7 /* CountryDetailsAppTests.xctest */,
			);
			name = Products;
			sourceTree = "<group>";
		};
		DC536068249681EB0031EEA7 /* CountryDetailsApp */ = {
			isa = PBXGroup;
			children = (
				DC536077249681F40031EEA7 /* Info.plist */,
				DC536090249689320031EEA7 /* Common */,
				DC53608F249689180031EEA7 /* NetworkOperations */,
				DC53608E249688FC0031EEA7 /* Controller */,
				DC53608D249688D10031EEA7 /* Model */,
				DC53608B249688B60031EEA7 /* View */,
				DC53608C249688C40031EEA7 /* ViewModel */,
			);
			path = CountryDetailsApp;
			sourceTree = "<group>";
		};
		DC53607F249681F50031EEA7 /* CountryDetailsAppTests */ = {
			isa = PBXGroup;
			children = (
				DC536080249681F50031EEA7 /* CountryDetailsAppTests.swift */,
				DC536082249681F50031EEA7 /* Info.plist */,
			);
			path = CountryDetailsAppTests;
			sourceTree = "<group>";
		};
		DC53608B249688B60031EEA7 /* View */ = {
			isa = PBXGroup;
			children = (
				DC53609E249695290031EEA7 /* CountryDetailTableViewCell.swift */,
			);
			path = View;
			sourceTree = "<group>";
		};
		DC53608C249688C40031EEA7 /* ViewModel */ = {
			isa = PBXGroup;
			children = (
			);
			path = ViewModel;
			sourceTree = "<group>";
		};
		DC53608D249688D10031EEA7 /* Model */ = {
			isa = PBXGroup;
			children = (
				DC5360A024969C860031EEA7 /* Country.swift */,
				DC5360A424969CBA0031EEA7 /* CountryDetails.swift */,
			);
			path = Model;
			sourceTree = "<group>";
		};
		DC53608E249688FC0031EEA7 /* Controller */ = {
			isa = PBXGroup;
			children = (
				DC53606D249681EB0031EEA7 /* CountryDetailsViewController.swift */,
			);
			path = Controller;
			sourceTree = "<group>";
		};
		DC53608F249689180031EEA7 /* NetworkOperations */ = {
			isa = PBXGroup;
			children = (
				DC53609124968A120031EEA7 /* Network Rechability */,
			);
			path = NetworkOperations;
			sourceTree = "<group>";
		};
		DC536090249689320031EEA7 /* Common */ = {
			isa = PBXGroup;
			children = (
				DC536069249681EB0031EEA7 /* AppDelegate.swift */,
				DC53606B249681EB0031EEA7 /* SceneDelegate.swift */,
				DC536072249681F40031EEA7 /* Assets.xcassets */,
				DC536074249681F40031EEA7 /* LaunchScreen.storyboard */,
			);
			path = Common;
			sourceTree = "<group>";
		};
		DC53609124968A120031EEA7 /* Network Rechability */ = {
			isa = PBXGroup;
			children = (
				DC53609424968A3A0031EEA7 /* Reachability.h */,
				DC53609324968A3A0031EEA7 /* Reachability.m */,
				DC53609224968A380031EEA7 /* CountryDetailsApp-Bridging-Header.h */,
			);
			path = "Network Rechability";
			sourceTree = "<group>";
		};
/* End PBXGroup section */

/* Begin PBXNativeTarget section */
		DC536065249681EB0031EEA7 /* CountryDetailsApp */ = {
			isa = PBXNativeTarget;
			buildConfigurationList = DC536085249681F50031EEA7 /* Build configuration list for PBXNativeTarget "CountryDetailsApp" */;
			buildPhases = (
				DC536062249681EB0031EEA7 /* Sources */,
				DC536063249681EB0031EEA7 /* Frameworks */,
				DC536064249681EB0031EEA7 /* Resources */,
			);
			buildRules = (
			);
			dependencies = (
			);
			name = CountryDetailsApp;
			productName = CountryDetailsApp;
			productReference = DC536066249681EB0031EEA7 /* CountryDetailsApp.app */;
			productType = "com.apple.product-type.application";
		};
		DC53607B249681F50031EEA7 /* CountryDetailsAppTests */ = {
			isa = PBXNativeTarget;
			buildConfigurationList = DC536088249681F50031EEA7 /* Build configuration list for PBXNativeTarget "CountryDetailsAppTests" */;
			buildPhases = (
				DC536078249681F50031EEA7 /* Sources */,
				DC536079249681F50031EEA7 /* Frameworks */,
				DC53607A249681F50031EEA7 /* Resources */,
			);
			buildRules = (
			);
			dependencies = (
				DC53607E249681F50031EEA7 /* PBXTargetDependency */,
			);
			name = CountryDetailsAppTests;
			productName = CountryDetailsAppTests;
			productReference = DC53607C249681F50031EEA7 /* CountryDetailsAppTests.xctest */;
			productType = "com.apple.product-type.bundle.unit-test";
		};
/* End PBXNativeTarget section */

/* Begin PBXProject section */
		DC53605E249681EB0031EEA7 /* Project object */ = {
			isa = PBXProject;
			attributes = {
				LastSwiftUpdateCheck = 1150;
				LastUpgradeCheck = 1150;
				ORGANIZATIONNAME = MyHome;
				TargetAttributes = {
					DC536065249681EB0031EEA7 = {
						CreatedOnToolsVersion = 11.5;
						LastSwiftMigration = 1150;
					};
					DC53607B249681F50031EEA7 = {
						CreatedOnToolsVersion = 11.5;
						TestTargetID = DC536065249681EB0031EEA7;
					};
				};
			};
			buildConfigurationList = DC536061249681EB0031EEA7 /* Build configuration list for PBXProject "CountryDetailsApp" */;
			compatibilityVersion = "Xcode 9.3";
			developmentRegion = en;
			hasScannedForEncodings = 0;
			knownRegions = (
				en,
				Base,
			);
			mainGroup = DC53605D249681EB0031EEA7;
			productRefGroup = DC536067249681EB0031EEA7 /* Products */;
			projectDirPath = "";
			projectRoot = "";
			targets = (
				DC536065249681EB0031EEA7 /* CountryDetailsApp */,
				DC53607B249681F50031EEA7 /* CountryDetailsAppTests */,
			);
		};
/* End PBXProject section */

/* Begin PBXResourcesBuildPhase section */
		DC536064249681EB0031EEA7 /* Resources */ = {
			isa = PBXResourcesBuildPhase;
			buildActionMask = 2147483647;
			files = (
				DC536076249681F40031EEA7 /* LaunchScreen.storyboard in Resources */,
				DC536073249681F40031EEA7 /* Assets.xcassets in Resources */,
			);
			runOnlyForDeploymentPostprocessing = 0;
		};
		DC53607A249681F50031EEA7 /* Resources */ = {
			isa = PBXResourcesBuildPhase;
			buildActionMask = 2147483647;
			files = (
			);
			runOnlyForDeploymentPostprocessing = 0;
		};
/* End PBXResourcesBuildPhase section */

/* Begin PBXSourcesBuildPhase section */
		DC536062249681EB0031EEA7 /* Sources */ = {
			isa = PBXSourcesBuildPhase;
			buildActionMask = 2147483647;
			files = (
				DC53606E249681EB0031EEA7 /* CountryDetailsViewController.swift in Sources */,
				DC53606A249681EB0031EEA7 /* AppDelegate.swift in Sources */,
				DC53609524968A3A0031EEA7 /* Reachability.m in Sources */,
				DC5360A524969CBA0031EEA7 /* CountryDetails.swift in Sources */,
				DC53606C249681EB0031EEA7 /* SceneDelegate.swift in Sources */,
				DC5360A124969C860031EEA7 /* Country.swift in Sources */,
				DC53609F249695290031EEA7 /* CountryDetailTableViewCell.swift in Sources */,
			);
			runOnlyForDeploymentPostprocessing = 0;
		};
		DC536078249681F50031EEA7 /* Sources */ = {
			isa = PBXSourcesBuildPhase;
			buildActionMask = 2147483647;
			files = (
				DC536081249681F50031EEA7 /* CountryDetailsAppTests.swift in Sources */,
			);
			runOnlyForDeploymentPostprocessing = 0;
		};
/* End PBXSourcesBuildPhase section */

/* Begin PBXTargetDependency section */
		DC53607E249681F50031EEA7 /* PBXTargetDependency */ = {
			isa = PBXTargetDependency;
			target = DC536065249681EB0031EEA7 /* CountryDetailsApp */;
			targetProxy = DC53607D249681F50031EEA7 /* PBXContainerItemProxy */;
		};
/* End PBXTargetDependency section */

/* Begin PBXVariantGroup section */
		DC536074249681F40031EEA7 /* LaunchScreen.storyboard */ = {
			isa = PBXVariantGroup;
			children = (
				DC536075249681F40031EEA7 /* Base */,
			);
			name = LaunchScreen.storyboard;
			sourceTree = "<group>";
		};
/* End PBXVariantGroup section */

/* Begin XCBuildConfiguration section */
		DC536083249681F50031EEA7 /* Debug */ = {
			isa = XCBuildConfiguration;
			buildSettings = {
				ALWAYS_SEARCH_USER_PATHS = NO;
				CLANG_ANALYZER_NONNULL = YES;
				CLANG_ANALYZER_NUMBER_OBJECT_CONVERSION = YES_AGGRESSIVE;
				CLANG_CXX_LANGUAGE_STANDARD = "gnu++14";
				CLANG_CXX_LIBRARY = "libc++";
				CLANG_ENABLE_MODULES = YES;
				CLANG_ENABLE_OBJC_ARC = YES;
				CLANG_ENABLE_OBJC_WEAK = YES;
				CLANG_WARN_BLOCK_CAPTURE_AUTORELEASING = YES;
				CLANG_WARN_BOOL_CONVERSION = YES;
				CLANG_WARN_COMMA = YES;
				CLANG_WARN_CONSTANT_CONVERSION = YES;
				CLANG_WARN_DEPRECATED_OBJC_IMPLEMENTATIONS = YES;
				CLANG_WARN_DIRECT_OBJC_ISA_USAGE = YES_ERROR;
				CLANG_WARN_DOCUMENTATION_COMMENTS = YES;
				CLANG_WARN_EMPTY_BODY = YES;
				CLANG_WARN_ENUM_CONVERSION = YES;
				CLANG_WARN_INFINITE_RECURSION = YES;
				CLANG_WARN_INT_CONVERSION = YES;
				CLANG_WARN_NON_LITERAL_NULL_CONVERSION = YES;
				CLANG_WARN_OBJC_IMPLICIT_RETAIN_SELF = YES;
				CLANG_WARN_OBJC_LITERAL_CONVERSION = YES;
				CLANG_WARN_OBJC_ROOT_CLASS = YES_ERROR;
				CLANG_WARN_RANGE_LOOP_ANALYSIS = YES;
				CLANG_WARN_STRICT_PROTOTYPES = YES;
				CLANG_WARN_SUSPICIOUS_MOVE = YES;
				CLANG_WARN_UNGUARDED_AVAILABILITY = YES_AGGRESSIVE;
				CLANG_WARN_UNREACHABLE_CODE = YES;
				CLANG_WARN__DUPLICATE_METHOD_MATCH = YES;
				COPY_PHASE_STRIP = NO;
				DEBUG_INFORMATION_FORMAT = dwarf;
				ENABLE_STRICT_OBJC_MSGSEND = YES;
				ENABLE_TESTABILITY = YES;
				GCC_C_LANGUAGE_STANDARD = gnu11;
				GCC_DYNAMIC_NO_PIC = NO;
				GCC_NO_COMMON_BLOCKS = YES;
				GCC_OPTIMIZATION_LEVEL = 0;
				GCC_PREPROCESSOR_DEFINITIONS = (
					"DEBUG=1",
					"$(inherited)",
				);
				GCC_WARN_64_TO_32_BIT_CONVERSION = YES;
				GCC_WARN_ABOUT_RETURN_TYPE = YES_ERROR;
				GCC_WARN_UNDECLARED_SELECTOR = YES;
				GCC_WARN_UNINITIALIZED_AUTOS = YES_AGGRESSIVE;
				GCC_WARN_UNUSED_FUNCTION = YES;
				GCC_WARN_UNUSED_VARIABLE = YES;
				IPHONEOS_DEPLOYMENT_TARGET = 13.5;
				MTL_ENABLE_DEBUG_INFO = INCLUDE_SOURCE;
				MTL_FAST_MATH = YES;
				ONLY_ACTIVE_ARCH = YES;
				SDKROOT = iphoneos;
				SWIFT_ACTIVE_COMPILATION_CONDITIONS = DEBUG;
				SWIFT_OPTIMIZATION_LEVEL = "-Onone";
			};
			name = Debug;
		};
		DC536084249681F50031EEA7 /* Release */ = {
			isa = XCBuildConfiguration;
			buildSettings = {
				ALWAYS_SEARCH_USER_PATHS = NO;
				CLANG_ANALYZER_NONNULL = YES;
				CLANG_ANALYZER_NUMBER_OBJECT_CONVERSION = YES_AGGRESSIVE;
				CLANG_CXX_LANGUAGE_STANDARD = "gnu++14";
				CLANG_CXX_LIBRARY = "libc++";
				CLANG_ENABLE_MODULES = YES;
				CLANG_ENABLE_OBJC_ARC = YES;
				CLANG_ENABLE_OBJC_WEAK = YES;
				CLANG_WARN_BLOCK_CAPTURE_AUTORELEASING = YES;
				CLANG_WARN_BOOL_CONVERSION = YES;
				CLANG_WARN_COMMA = YES;
				CLANG_WARN_CONSTANT_CONVERSION = YES;
				CLANG_WARN_DEPRECATED_OBJC_IMPLEMENTATIONS = YES;
				CLANG_WARN_DIRECT_OBJC_ISA_USAGE = YES_ERROR;
				CLANG_WARN_DOCUMENTATION_COMMENTS = YES;
				CLANG_WARN_EMPTY_BODY = YES;
				CLANG_WARN_ENUM_CONVERSION = YES;
				CLANG_WARN_INFINITE_RECURSION = YES;
				CLANG_WARN_INT_CONVERSION = YES;
				CLANG_WARN_NON_LITERAL_NULL_CONVERSION = YES;
				CLANG_WARN_OBJC_IMPLICIT_RETAIN_SELF = YES;
				CLANG_WARN_OBJC_LITERAL_CONVERSION = YES;
				CLANG_WARN_OBJC_ROOT_CLASS = YES_ERROR;
				CLANG_WARN_RANGE_LOOP_ANALYSIS = YES;
				CLANG_WARN_STRICT_PROTOTYPES = YES;
				CLANG_WARN_SUSPICIOUS_MOVE = YES;
				CLANG_WARN_UNGUARDED_AVAILABILITY = YES_AGGRESSIVE;
				CLANG_WARN_UNREACHABLE_CODE = YES;
				CLANG_WARN__DUPLICATE_METHOD_MATCH = YES;
				COPY_PHASE_STRIP = NO;
				DEBUG_INFORMATION_FORMAT = "dwarf-with-dsym";
				ENABLE_NS_ASSERTIONS = NO;
				ENABLE_STRICT_OBJC_MSGSEND = YES;
				GCC_C_LANGUAGE_STANDARD = gnu11;
				GCC_NO_COMMON_BLOCKS = YES;
				GCC_WARN_64_TO_32_BIT_CONVERSION = YES;
				GCC_WARN_ABOUT_RETURN_TYPE = YES_ERROR;
				GCC_WARN_UNDECLARED_SELECTOR = YES;
				GCC_WARN_UNINITIALIZED_AUTOS = YES_AGGRESSIVE;
				GCC_WARN_UNUSED_FUNCTION = YES;
				GCC_WARN_UNUSED_VARIABLE = YES;
				IPHONEOS_DEPLOYMENT_TARGET = 13.5;
				MTL_ENABLE_DEBUG_INFO = NO;
				MTL_FAST_MATH = YES;
				SDKROOT = iphoneos;
				SWIFT_COMPILATION_MODE = wholemodule;
				SWIFT_OPTIMIZATION_LEVEL = "-O";
				VALIDATE_PRODUCT = YES;
			};
			name = Release;
		};
		DC536086249681F50031EEA7 /* Debug */ = {
			isa = XCBuildConfiguration;
			buildSettings = {
				ASSETCATALOG_COMPILER_APPICON_NAME = AppIcon;
				CLANG_ENABLE_MODULES = YES;
				CODE_SIGN_STYLE = Automatic;
				INFOPLIST_FILE = CountryDetailsApp/Info.plist;
				IPHONEOS_DEPLOYMENT_TARGET = 11.0;
				LD_RUNPATH_SEARCH_PATHS = (
					"$(inherited)",
					"@executable_path/Frameworks",
				);
				PRODUCT_BUNDLE_IDENTIFIER = com.MyApps.CountryDetailsApp;
				PRODUCT_NAME = "$(TARGET_NAME)";
				SWIFT_OBJC_BRIDGING_HEADER = "CountryDetailsApp/NetworkOperations/Network Rechability/CountryDetailsApp-Bridging-Header.h";
				SWIFT_OPTIMIZATION_LEVEL = "-Onone";
				SWIFT_VERSION = 5.0;
				TARGETED_DEVICE_FAMILY = "1,2";
			};
			name = Debug;
		};
		DC536087249681F50031EEA7 /* Release */ = {
			isa = XCBuildConfiguration;
			buildSettings = {
				ASSETCATALOG_COMPILER_APPICON_NAME = AppIcon;
				CLANG_ENABLE_MODULES = YES;
				CODE_SIGN_STYLE = Automatic;
				INFOPLIST_FILE = CountryDetailsApp/Info.plist;
				IPHONEOS_DEPLOYMENT_TARGET = 11.0;
				LD_RUNPATH_SEARCH_PATHS = (
					"$(inherited)",
					"@executable_path/Frameworks",
				);
				PRODUCT_BUNDLE_IDENTIFIER = com.MyApps.CountryDetailsApp;
				PRODUCT_NAME = "$(TARGET_NAME)";
				SWIFT_OBJC_BRIDGING_HEADER = "CountryDetailsApp/NetworkOperations/Network Rechability/CountryDetailsApp-Bridging-Header.h";
				SWIFT_VERSION = 5.0;
				TARGETED_DEVICE_FAMILY = "1,2";
			};
			name = Release;
		};
		DC536089249681F50031EEA7 /* Debug */ = {
			isa = XCBuildConfiguration;
			buildSettings = {
				ALWAYS_EMBED_SWIFT_STANDARD_LIBRARIES = YES;
				BUNDLE_LOADER = "$(TEST_HOST)";
				CODE_SIGN_STYLE = Automatic;
				INFOPLIST_FILE = CountryDetailsAppTests/Info.plist;
				IPHONEOS_DEPLOYMENT_TARGET = 13.5;
				LD_RUNPATH_SEARCH_PATHS = (
					"$(inherited)",
					"@executable_path/Frameworks",
					"@loader_path/Frameworks",
				);
				PRODUCT_BUNDLE_IDENTIFIER = com.MyApps.CountryDetailsAppTests;
				PRODUCT_NAME = "$(TARGET_NAME)";
				SWIFT_VERSION = 5.0;
				TARGETED_DEVICE_FAMILY = "1,2";
				TEST_HOST = "$(BUILT_PRODUCTS_DIR)/CountryDetailsApp.app/CountryDetailsApp";
			};
			name = Debug;
		};
		DC53608A249681F50031EEA7 /* Release */ = {
			isa = XCBuildConfiguration;
			buildSettings = {
				ALWAYS_EMBED_SWIFT_STANDARD_LIBRARIES = YES;
				BUNDLE_LOADER = "$(TEST_HOST)";
				CODE_SIGN_STYLE = Automatic;
				INFOPLIST_FILE = CountryDetailsAppTests/Info.plist;
				IPHONEOS_DEPLOYMENT_TARGET = 13.5;
				LD_RUNPATH_SEARCH_PATHS = (
					"$(inherited)",
					"@executable_path/Frameworks",
					"@loader_path/Frameworks",
				);
				PRODUCT_BUNDLE_IDENTIFIER = com.MyApps.CountryDetailsAppTests;
				PRODUCT_NAME = "$(TARGET_NAME)";
				SWIFT_VERSION = 5.0;
				TARGETED_DEVICE_FAMILY = "1,2";
				TEST_HOST = "$(BUILT_PRODUCTS_DIR)/CountryDetailsApp.app/CountryDetailsApp";
			};
			name = Release;
		};
/* End XCBuildConfiguration section */

/* Begin XCConfigurationList section */
		DC536061249681EB0031EEA7 /* Build configuration list for PBXProject "CountryDetailsApp" */ = {
			isa = XCConfigurationList;
			buildConfigurations = (
				DC536083249681F50031EEA7 /* Debug */,
				DC536084249681F50031EEA7 /* Release */,
			);
			defaultConfigurationIsVisible = 0;
			defaultConfigurationName = Release;
		};
		DC536085249681F50031EEA7 /* Build configuration list for PBXNativeTarget "CountryDetailsApp" */ = {
			isa = XCConfigurationList;
			buildConfigurations = (
				DC536086249681F50031EEA7 /* Debug */,
				DC536087249681F50031EEA7 /* Release */,
			);
			defaultConfigurationIsVisible = 0;
			defaultConfigurationName = Release;
		};
		DC536088249681F50031EEA7 /* Build configuration list for PBXNativeTarget "CountryDetailsAppTests" */ = {
			isa = XCConfigurationList;
			buildConfigurations = (
				DC536089249681F50031EEA7 /* Debug */,
				DC53608A249681F50031EEA7 /* Release */,
			);
			defaultConfigurationIsVisible = 0;
			defaultConfigurationName = Release;
		};
/* End XCConfigurationList section */
	};
	rootObject = DC53605E249681EB0031EEA7 /* Project object */;
}
